
Microsoft Visual Studio Solution File, Format Version 12.00
# Visual Studio 2012
Project("{FAE04EC0-301F-11D3-BF4B-00C04F79EFBC}") = "DemoApplication", "DemoApplication\DemoApplication.csproj", "{0D33C6FA-FE5B-4D5F-9F16-BF29D866FDAB}"
EndProject
Global
	GlobalSection(SolutionConfigurationPlatforms) = preSolution
		Debug|Any CPU = Debug|Any CPU
		Release|Any CPU = Release|Any CPU
	EndGlobalSection
	GlobalSection(ProjectConfigurationPlatforms) = postSolution
		{0D33C6FA-FE5B-4D5F-9F16-BF29D866FDAB}.Debug|Any CPU.ActiveCfg = Debug|Any CPU
		{0D33C6FA-FE5B-4D5F-9F16-BF29D866FDAB}.Debug|Any CPU.Build.0 = Debug|Any CPU
		{0D33C6FA-FE5B-4D5F-9F16-BF29D866FDAB}.Release|Any CPU.ActiveCfg = Release|Any CPU
		{0D33C6FA-FE5B-4D5F-9F16-BF29D866FDAB}.Release|Any CPU.Build.0 = Release|Any CPU
	EndGlobalSection
	GlobalSection(SolutionProperties) = preSolution
		HideSolutionNode = FALSE
	EndGlobalSection
EndGlobal
